
Microsoft Visual Studio Solution File, Format Version 12.00
# Visual Studio 14
VisualStudioVersion = 14.0.24720.0
MinimumVisualStudioVersion = 10.0.40219.1
Project("{FAE04EC0-301F-11D3-BF4B-00C04F79EFBC}") = "ConsoleEmployeeSynchronizer", "ConsoleEmployeeSynchronizer\ConsoleEmployeeSynchronizer.csproj", "{999062E6-EE6E-4AEB-80D5-5B671B72F1C2}"
EndProject
Project("{FAE04EC0-301F-11D3-BF4B-00C04F79EFBC}") = "EmployeeSynchronization", "EmployeeSynchronization\EmployeeSynchronization.csproj", "{5AD7C419-4DE4-4A14-ACAC-B3289A45AD53}"
EndProject
Project("{FAE04EC0-301F-11D3-BF4B-00C04F79EFBC}") = "Application", "Application\Application.csproj", "{14770E97-CEBD-4AA5-B8D6-5EE5A90B1321}"
EndProject
Project("{FAE04EC0-301F-11D3-BF4B-00C04F79EFBC}") = "Store.MongoDb", "Store.MongoDb\Store.MongoDb.csproj", "{44AC6B7C-92E5-463A-B6F0-0067F7E8847B}"
EndProject
Project("{FAE04EC0-301F-11D3-BF4B-00C04F79EFBC}") = "AngularUI", "AngularUI\AngularUI.csproj", "{F76DFEB5-4A20-4997-89EC-40CF66C6DD68}"
EndProject
Project("{2150E333-8FDC-42A3-9474-1A3956D46DE8}") = "SharedFiles", "SharedFiles", "{780E6815-E11A-4CD7-AFBD-5CC87CD4F8A7}"
	ProjectSection(SolutionItems) = preProject
		SharedFiles\SharedAssemblyInfo.cs = SharedFiles\SharedAssemblyInfo.cs
	EndProjectSection
EndProject
Project("{FAE04EC0-301F-11D3-BF4B-00C04F79EFBC}") = "Api", "Api\Api.csproj", "{5095E49B-4818-45FD-AEC2-5FF9DE43B2F5}"
EndProject
Project("{2150E333-8FDC-42A3-9474-1A3956D46DE8}") = "Tests", "Tests", "{799D9ADA-B91B-40A6-AE99-FCC505CC45D1}"
EndProject
Project("{FAE04EC0-301F-11D3-BF4B-00C04F79EFBC}") = "Api.Tests", "Api.Tests\Api.Tests.csproj", "{4DC92818-8AF4-46E3-BAE7-47E4A4323628}"
EndProject
Project("{FAE04EC0-301F-11D3-BF4B-00C04F79EFBC}") = "Application.Tests", "Application.Tests\Application.Tests.csproj", "{30B0B6F0-4951-4CB5-BD51-943720052F28}"
EndProject
Global
	GlobalSection(SolutionConfigurationPlatforms) = preSolution
		Debug|Any CPU = Debug|Any CPU
		Release|Any CPU = Release|Any CPU
	EndGlobalSection
	GlobalSection(ProjectConfigurationPlatforms) = postSolution
		{999062E6-EE6E-4AEB-80D5-5B671B72F1C2}.Debug|Any CPU.ActiveCfg = Debug|Any CPU
		{999062E6-EE6E-4AEB-80D5-5B671B72F1C2}.Debug|Any CPU.Build.0 = Debug|Any CPU
		{999062E6-EE6E-4AEB-80D5-5B671B72F1C2}.Release|Any CPU.ActiveCfg = Release|Any CPU
		{999062E6-EE6E-4AEB-80D5-5B671B72F1C2}.Release|Any CPU.Build.0 = Release|Any CPU
		{5AD7C419-4DE4-4A14-ACAC-B3289A45AD53}.Debug|Any CPU.ActiveCfg = Debug|Any CPU
		{5AD7C419-4DE4-4A14-ACAC-B3289A45AD53}.Debug|Any CPU.Build.0 = Debug|Any CPU
		{5AD7C419-4DE4-4A14-ACAC-B3289A45AD53}.Release|Any CPU.ActiveCfg = Release|Any CPU
		{5AD7C419-4DE4-4A14-ACAC-B3289A45AD53}.Release|Any CPU.Build.0 = Release|Any CPU
		{14770E97-CEBD-4AA5-B8D6-5EE5A90B1321}.Debug|Any CPU.ActiveCfg = Debug|Any CPU
		{14770E97-CEBD-4AA5-B8D6-5EE5A90B1321}.Debug|Any CPU.Build.0 = Debug|Any CPU
		{14770E97-CEBD-4AA5-B8D6-5EE5A90B1321}.Release|Any CPU.ActiveCfg = Release|Any CPU
		{14770E97-CEBD-4AA5-B8D6-5EE5A90B1321}.Release|Any CPU.Build.0 = Release|Any CPU
		{44AC6B7C-92E5-463A-B6F0-0067F7E8847B}.Debug|Any CPU.ActiveCfg = Debug|Any CPU
		{44AC6B7C-92E5-463A-B6F0-0067F7E8847B}.Debug|Any CPU.Build.0 = Debug|Any CPU
		{44AC6B7C-92E5-463A-B6F0-0067F7E8847B}.Release|Any CPU.ActiveCfg = Release|Any CPU
		{44AC6B7C-92E5-463A-B6F0-0067F7E8847B}.Release|Any CPU.Build.0 = Release|Any CPU
		{F76DFEB5-4A20-4997-89EC-40CF66C6DD68}.Debug|Any CPU.ActiveCfg = Debug|Any CPU
		{F76DFEB5-4A20-4997-89EC-40CF66C6DD68}.Debug|Any CPU.Build.0 = Debug|Any CPU
		{F76DFEB5-4A20-4997-89EC-40CF66C6DD68}.Release|Any CPU.ActiveCfg = Release|Any CPU
		{F76DFEB5-4A20-4997-89EC-40CF66C6DD68}.Release|Any CPU.Build.0 = Release|Any CPU
		{5095E49B-4818-45FD-AEC2-5FF9DE43B2F5}.Debug|Any CPU.ActiveCfg = Debug|Any CPU
		{5095E49B-4818-45FD-AEC2-5FF9DE43B2F5}.Debug|Any CPU.Build.0 = Debug|Any CPU
		{5095E49B-4818-45FD-AEC2-5FF9DE43B2F5}.Release|Any CPU.ActiveCfg = Release|Any CPU
		{5095E49B-4818-45FD-AEC2-5FF9DE43B2F5}.Release|Any CPU.Build.0 = Release|Any CPU
		{4DC92818-8AF4-46E3-BAE7-47E4A4323628}.Debug|Any CPU.ActiveCfg = Debug|Any CPU
		{4DC92818-8AF4-46E3-BAE7-47E4A4323628}.Debug|Any CPU.Build.0 = Debug|Any CPU
		{4DC92818-8AF4-46E3-BAE7-47E4A4323628}.Release|Any CPU.ActiveCfg = Release|Any CPU
		{4DC92818-8AF4-46E3-BAE7-47E4A4323628}.Release|Any CPU.Build.0 = Release|Any CPU
		{30B0B6F0-4951-4CB5-BD51-943720052F28}.Debug|Any CPU.ActiveCfg = Debug|Any CPU
		{30B0B6F0-4951-4CB5-BD51-943720052F28}.Debug|Any CPU.Build.0 = Debug|Any CPU
		{30B0B6F0-4951-4CB5-BD51-943720052F28}.Release|Any CPU.ActiveCfg = Release|Any CPU
		{30B0B6F0-4951-4CB5-BD51-943720052F28}.Release|Any CPU.Build.0 = Release|Any CPU
	EndGlobalSection
	GlobalSection(SolutionProperties) = preSolution
		HideSolutionNode = FALSE
	EndGlobalSection
	GlobalSection(NestedProjects) = preSolution
		{4DC92818-8AF4-46E3-BAE7-47E4A4323628} = {799D9ADA-B91B-40A6-AE99-FCC505CC45D1}
		{30B0B6F0-4951-4CB5-BD51-943720052F28} = {799D9ADA-B91B-40A6-AE99-FCC505CC45D1}
	EndGlobalSection
EndGlobal
